<?xml version="1.0" encoding="UTF-8" standalone="yes" ?>
<CodeBlocks_project_file>
	<FileVersion major="1" minor="6" />
	<Project>
		<Option title="GameEngine" />
		<Option pch_mode="2" />
		<Option compiler="gcc" />
		<Build>
			<Target title="Debug">
				<Option output="bin/Debug/libGameEngine" prefix_auto="1" extension_auto="1" />
				<Option object_output="obj/Debug/" />
				<Option type="3" />
				<Option compiler="gcc" />
				<Option createDefFile="1" />
				<Option createStaticLib="1" />
				<Compiler>
					<Add option="-std=c++11" />
					<Add option="-g" />
					<Add directory="../deps/include/SDL" />
					<Add directory="../deps/include/GL" />
					<Add directory="include" />
					<Add directory="../deps/include/glm" />
				</Compiler>
				<Linker>
					<Add library="mingw32" />
					<Add library="libSDL2main" />
					<Add library="libSDL2" />
					<Add library="glew32" />
					<Add library="opengl32" />
					<Add library="glu32" />
					<Add directory="../deps/lib" />
				</Linker>
			</Target>
			<Target title="Release">
				<Option output="bin/Release/libGameEngine" prefix_auto="1" extension_auto="1" />
				<Option object_output="obj/Release/" />
				<Option type="3" />
				<Option compiler="gcc" />
				<Option createDefFile="1" />
				<Option createStaticLib="1" />
				<Compiler>
					<Add option="-O2" />
					<Add directory="include" />
				</Compiler>
				<Linker>
					<Add option="-s" />
				</Linker>
			</Target>
		</Build>
		<Compiler>
			<Add option="-Wall" />
			<Add option="-fexceptions" />
		</Compiler>
		<Unit filename="include/Camera2D.h" />
		<Unit filename="include/Errors.h" />
		<Unit filename="include/GLSLprog.h" />
		<Unit filename="include/IOManager.h" />
		<Unit filename="include/InputManager.h" />
		<Unit filename="include/ResourceManager.h" />
		<Unit filename="include/TextureCache.h" />
		<Unit filename="include/Window.h" />
		<Unit filename="include/gameEngine.h" />
		<Unit filename="include/imageLoader.h" />
		<Unit filename="include/picoPNG.h" />
		<Unit filename="include/sprite.h" />
		<Unit filename="include/spriteBatch.h" />
		<Unit filename="include/textures.h" />
		<Unit filename="include/timing.h" />
		<Unit filename="include/vertex.h" />
		<Unit filename="main.cpp" />
		<Unit filename="src/Camera2D.cpp" />
		<Unit filename="src/Errors.cpp" />
		<Unit filename="src/GLSLprog.cpp" />
		<Unit filename="src/IOManager.cpp" />
		<Unit filename="src/InputManager.cpp" />
		<Unit filename="src/ResourceManager.cpp" />
		<Unit filename="src/TextureCache.cpp" />
		<Unit filename="src/Window.cpp" />
		<Unit filename="src/gameEngine.cpp" />
		<Unit filename="src/imageLoader.cpp" />
		<Unit filename="src/picoPNG.cpp" />
		<Unit filename="src/sprite.cpp" />
		<Unit filename="src/spriteBatch.cpp" />
		<Unit filename="src/timing.cpp" />
		<Extensions>
			<code_completion />
			<envvars />
			<debugger />
			<lib_finder disable_auto="1" />
		</Extensions>
	</Project>
</CodeBlocks_project_file>
